
Microsoft Visual Studio Solution File, Format Version 12.00
# Visual Studio Version 17
VisualStudioVersion = 17.14.36603.0
MinimumVisualStudioVersion = 10.0.40219.1
Project("{FAE04EC0-301F-11D3-BF4B-00C04F79EFBC}") = "sna-application", "src\sna-application\sna-application.csproj", "{A52298AF-B185-47A8-BC76-A199A58D4BD1}"
EndProject
Project("{FAE04EC0-301F-11D3-BF4B-00C04F79EFBC}") = "sna-bootstrapper-api", "src\sna-bootstrapper-api\sna-bootstrapper-api.csproj", "{E72ABA80-3EB8-42C1-8039-D20C0B1ADD45}"
EndProject
Project("{FAE04EC0-301F-11D3-BF4B-00C04F79EFBC}") = "sna-infrastructure", "src\sna-infrastructure\sna-infrastructure.csproj", "{DC5A452F-85CA-48D3-81C6-956C07FFED40}"
EndProject
Project("{FAE04EC0-301F-11D3-BF4B-00C04F79EFBC}") = "sna-domain", "src\sna-domain\sna-domain.csproj", "{611F594F-5201-4214-8383-3FD612A6F178}"
EndProject
Global
	GlobalSection(SolutionConfigurationPlatforms) = preSolution
		Debug|Any CPU = Debug|Any CPU
		Release|Any CPU = Release|Any CPU
	EndGlobalSection
	GlobalSection(ProjectConfigurationPlatforms) = postSolution
		{A52298AF-B185-47A8-BC76-A199A58D4BD1}.Debug|Any CPU.ActiveCfg = Debug|Any CPU
		{A52298AF-B185-47A8-BC76-A199A58D4BD1}.Debug|Any CPU.Build.0 = Debug|Any CPU
		{A52298AF-B185-47A8-BC76-A199A58D4BD1}.Release|Any CPU.ActiveCfg = Release|Any CPU
		{A52298AF-B185-47A8-BC76-A199A58D4BD1}.Release|Any CPU.Build.0 = Release|Any CPU
		{E72ABA80-3EB8-42C1-8039-D20C0B1ADD45}.Debug|Any CPU.ActiveCfg = Debug|Any CPU
		{E72ABA80-3EB8-42C1-8039-D20C0B1ADD45}.Debug|Any CPU.Build.0 = Debug|Any CPU
		{E72ABA80-3EB8-42C1-8039-D20C0B1ADD45}.Release|Any CPU.ActiveCfg = Release|Any CPU
		{E72ABA80-3EB8-42C1-8039-D20C0B1ADD45}.Release|Any CPU.Build.0 = Release|Any CPU
		{DC5A452F-85CA-48D3-81C6-956C07FFED40}.Debug|Any CPU.ActiveCfg = Debug|Any CPU
		{DC5A452F-85CA-48D3-81C6-956C07FFED40}.Debug|Any CPU.Build.0 = Debug|Any CPU
		{DC5A452F-85CA-48D3-81C6-956C07FFED40}.Release|Any CPU.ActiveCfg = Release|Any CPU
		{DC5A452F-85CA-48D3-81C6-956C07FFED40}.Release|Any CPU.Build.0 = Release|Any CPU
		{611F594F-5201-4214-8383-3FD612A6F178}.Debug|Any CPU.ActiveCfg = Debug|Any CPU
		{611F594F-5201-4214-8383-3FD612A6F178}.Debug|Any CPU.Build.0 = Debug|Any CPU
		{611F594F-5201-4214-8383-3FD612A6F178}.Release|Any CPU.ActiveCfg = Release|Any CPU
		{611F594F-5201-4214-8383-3FD612A6F178}.Release|Any CPU.Build.0 = Release|Any CPU
	EndGlobalSection
	GlobalSection(SolutionProperties) = preSolution
		HideSolutionNode = FALSE
	EndGlobalSection
	GlobalSection(ExtensibilityGlobals) = postSolution
		SolutionGuid = {F40C23E2-0DCA-44B5-978F-861FF8245210}
	EndGlobalSection
EndGlobal
