
Microsoft Visual Studio Solution File, Format Version 12.00
# Visual Studio Version 17
VisualStudioVersion = 17.14.36603.0 d17.14
MinimumVisualStudioVersion = 10.0.40219.1
Project("{FAE04EC0-301F-11D3-BF4B-00C04F79EFBC}") = "sna-application", "sna-application\sna-application.csproj", "{A52298AF-B185-47A8-BC76-A199A58D4BD1}"
EndProject
Project("{FAE04EC0-301F-11D3-BF4B-00C04F79EFBC}") = "sna-bootstrapper-api", "sna-bootstrapper-api\sna-bootstrapper-api.csproj", "{E72ABA80-3EB8-42C1-8039-D20C0B1ADD45}"
EndProject
Project("{FAE04EC0-301F-11D3-BF4B-00C04F79EFBC}") = "sna-data", "sna-data\sna-data.csproj", "{895E0677-9B20-4FA6-9FF9-73F06E2F328C}"
EndProject
Global
	GlobalSection(SolutionConfigurationPlatforms) = preSolution
		Debug|Any CPU = Debug|Any CPU
		Release|Any CPU = Release|Any CPU
	EndGlobalSection
	GlobalSection(ProjectConfigurationPlatforms) = postSolution
		{2D158CC1-D69C-4019-849F-8C532C8FA5D5}.Debug|Any CPU.ActiveCfg = Debug|Any CPU
		{2D158CC1-D69C-4019-849F-8C532C8FA5D5}.Debug|Any CPU.Build.0 = Debug|Any CPU
		{2D158CC1-D69C-4019-849F-8C532C8FA5D5}.Release|Any CPU.ActiveCfg = Release|Any CPU
		{2D158CC1-D69C-4019-849F-8C532C8FA5D5}.Release|Any CPU.Build.0 = Release|Any CPU
		{A52298AF-B185-47A8-BC76-A199A58D4BD1}.Debug|Any CPU.ActiveCfg = Debug|Any CPU
		{A52298AF-B185-47A8-BC76-A199A58D4BD1}.Debug|Any CPU.Build.0 = Debug|Any CPU
		{A52298AF-B185-47A8-BC76-A199A58D4BD1}.Release|Any CPU.ActiveCfg = Release|Any CPU
		{A52298AF-B185-47A8-BC76-A199A58D4BD1}.Release|Any CPU.Build.0 = Release|Any CPU
		{E72ABA80-3EB8-42C1-8039-D20C0B1ADD45}.Debug|Any CPU.ActiveCfg = Debug|Any CPU
		{E72ABA80-3EB8-42C1-8039-D20C0B1ADD45}.Debug|Any CPU.Build.0 = Debug|Any CPU
		{E72ABA80-3EB8-42C1-8039-D20C0B1ADD45}.Release|Any CPU.ActiveCfg = Release|Any CPU
		{E72ABA80-3EB8-42C1-8039-D20C0B1ADD45}.Release|Any CPU.Build.0 = Release|Any CPU
		{895E0677-9B20-4FA6-9FF9-73F06E2F328C}.Debug|Any CPU.ActiveCfg = Debug|Any CPU
		{895E0677-9B20-4FA6-9FF9-73F06E2F328C}.Debug|Any CPU.Build.0 = Debug|Any CPU
		{895E0677-9B20-4FA6-9FF9-73F06E2F328C}.Release|Any CPU.ActiveCfg = Release|Any CPU
		{895E0677-9B20-4FA6-9FF9-73F06E2F328C}.Release|Any CPU.Build.0 = Release|Any CPU
	EndGlobalSection
	GlobalSection(SolutionProperties) = preSolution
		HideSolutionNode = FALSE
	EndGlobalSection
	GlobalSection(ExtensibilityGlobals) = postSolution
		SolutionGuid = {F40C23E2-0DCA-44B5-978F-861FF8245210}
	EndGlobalSection
EndGlobal
